
Microsoft Visual Studio Solution File, Format Version 12.00
# Visual Studio 15
Project("{FAE04EC0-301F-11D3-BF4B-00C04F79EFBC}") = "Unity.XR.Interaction.Toolkit.Samples.StarterAssets", "Unity.XR.Interaction.Toolkit.Samples.StarterAssets.csproj", "{FDEBD077-D39C-29FA-A2C0-1C563831CC5D}"
EndProject
Project("{FAE04EC0-301F-11D3-BF4B-00C04F79EFBC}") = "Assembly-CSharp", "Assembly-CSharp.csproj", "{65B42E3C-F136-B65B-61FB-9079FD8C7F32}"
EndProject
Global
	GlobalSection(SolutionConfigurationPlatforms) = preSolution
		Debug|Any CPU = Debug|Any CPU
		Release|Any CPU = Release|Any CPU
	EndGlobalSection
	GlobalSection(ProjectConfigurationPlatforms) = postSolution
		{FDEBD077-D39C-29FA-A2C0-1C563831CC5D}.Debug|Any CPU.ActiveCfg = Debug|Any CPU
		{FDEBD077-D39C-29FA-A2C0-1C563831CC5D}.Debug|Any CPU.Build.0 = Debug|Any CPU
		{FDEBD077-D39C-29FA-A2C0-1C563831CC5D}.Release|Any CPU.ActiveCfg = Release|Any CPU
		{FDEBD077-D39C-29FA-A2C0-1C563831CC5D}.Release|Any CPU.Build.0 = Release|Any CPU
		{65B42E3C-F136-B65B-61FB-9079FD8C7F32}.Debug|Any CPU.ActiveCfg = Debug|Any CPU
		{65B42E3C-F136-B65B-61FB-9079FD8C7F32}.Debug|Any CPU.Build.0 = Debug|Any CPU
		{65B42E3C-F136-B65B-61FB-9079FD8C7F32}.Release|Any CPU.ActiveCfg = Release|Any CPU
		{65B42E3C-F136-B65B-61FB-9079FD8C7F32}.Release|Any CPU.Build.0 = Release|Any CPU
	EndGlobalSection
	GlobalSection(SolutionProperties) = preSolution
		HideSolutionNode = FALSE
	EndGlobalSection
EndGlobal
